
Microsoft Visual Studio Solution File, Format Version 12.00
# Visual Studio 2013
VisualStudioVersion = 12.0.40629.0
MinimumVisualStudioVersion = 10.0.40219.1
Project("{F14B399A-7131-4C87-9E4B-1186C45EF12D}") = "SalesWorx_Reports_VS", "SalesWorx_Reports_VS.rptproj", "{943CE1DF-988E-4759-9F59-3D2187C63ADC}"
EndProject
Global
	GlobalSection(SolutionConfigurationPlatforms) = preSolution
		Debug|Default = Debug|Default
		DebugLocal|Default = DebugLocal|Default
		Production|Default = Production|Default
	EndGlobalSection
	GlobalSection(ProjectConfigurationPlatforms) = postSolution
		{943CE1DF-988E-4759-9F59-3D2187C63ADC}.Debug|Default.ActiveCfg = Debug
		{943CE1DF-988E-4759-9F59-3D2187C63ADC}.Debug|Default.Build.0 = Debug
		{943CE1DF-988E-4759-9F59-3D2187C63ADC}.Debug|Default.Deploy.0 = Debug
		{943CE1DF-988E-4759-9F59-3D2187C63ADC}.DebugLocal|Default.ActiveCfg = DebugLocal
		{943CE1DF-988E-4759-9F59-3D2187C63ADC}.DebugLocal|Default.Build.0 = DebugLocal
		{943CE1DF-988E-4759-9F59-3D2187C63ADC}.DebugLocal|Default.Deploy.0 = DebugLocal
		{943CE1DF-988E-4759-9F59-3D2187C63ADC}.Production|Default.ActiveCfg = Production
		{943CE1DF-988E-4759-9F59-3D2187C63ADC}.Production|Default.Build.0 = Production
		{943CE1DF-988E-4759-9F59-3D2187C63ADC}.Production|Default.Deploy.0 = Production
	EndGlobalSection
	GlobalSection(SolutionProperties) = preSolution
		HideSolutionNode = FALSE
	EndGlobalSection
EndGlobal
